<?xml version="1.0" encoding="utf-8"?>
<Project ToolsVersion="4.0" xmlns="http://schemas.microsoft.com/developer/msbuild/2003">
  <ItemGroup>
    <Filter Include="File di origine">
      <UniqueIdentifier>{4FC737F1-C7A5-4376-A066-2A32D752A2FF}</UniqueIdentifier>
      <Extensions>cpp;c;cc;cxx;c++;cppm;ixx;def;odl;idl;hpj;bat;asm;asmx</Extensions>
    </Filter>
    <Filter Include="File di intestazione">
      <UniqueIdentifier>{93995380-89BD-4b04-88EB-625FBE52EBFB}</UniqueIdentifier>
      <Extensions>h;hh;hpp;hxx;h++;hm;inl;inc;ipp;xsd</Extensions>
    </Filter>
    <Filter Include="File di risorse">
      <UniqueIdentifier>{67DA6AB6-F800-4c08-8B7A-83BB121AAD01}</UniqueIdentifier>
      <Extensions>rc;ico;cur;bmp;dlg;rc2;rct;bin;rgs;gif;jpg;jpeg;jpe;resx;tiff;tif;png;wav;mfcribbon-ms</Extensions>
    </Filter>
  </ItemGroup>
  <ItemGroup>
    <ClCompile Include="Main.cpp">
      <Filter>File di origine</Filter>
    </ClCompile>
    <ClCompile Include="glad.c">
      <Filter>File di origine</Filter>
    </ClCompile>
    <ClCompile Include="stb_image.cpp">
      <Filter>File di origine</Filter>
    </ClCompile>
  </ItemGroup>
  <ItemGroup>
    <ClInclude Include="shader_s.h">
      <Filter>File di intestazione</Filter>
    </ClInclude>
    <ClInclude Include="stb_image.h">
      <Filter>File di intestazione</Filter>
    </ClInclude>
    <ClInclude Include="camera.h">
      <Filter>File di intestazione</Filter>
    </ClInclude>
    <ClInclude Include="ft2build.h">
      <Filter>File di intestazione</Filter>
    </ClInclude>
    <ClInclude Include="..\..\..\..\..\..\..\Downloads\ft2133\freetype-2.13.3\include\freetype\config\ftconfig.h">
      <Filter>File di intestazione</Filter>
    </ClInclude>
    <ClInclude Include="..\..\..\..\..\..\..\Downloads\ft2133\freetype-2.13.3\include\freetype\config\ftheader.h">
      <Filter>File di intestazione</Filter>
    </ClInclude>
    <ClInclude Include="..\..\..\..\..\..\..\Downloads\ft2133\freetype-2.13.3\include\freetype\config\ftmodule.h">
      <Filter>File di intestazione</Filter>
    </ClInclude>
    <ClInclude Include="..\..\..\..\..\..\..\Downloads\ft2133\freetype-2.13.3\include\freetype\config\ftoption.h">
      <Filter>File di intestazione</Filter>
    </ClInclude>
    <ClInclude Include="..\..\..\..\..\..\..\Downloads\ft2133\freetype-2.13.3\include\freetype\config\ftstdlib.h">
      <Filter>File di intestazione</Filter>
    </ClInclude>
    <ClInclude Include="..\..\..\..\..\..\..\Downloads\ft2133\freetype-2.13.3\include\freetype\config\integer-types.h">
      <Filter>File di intestazione</Filter>
    </ClInclude>
    <ClInclude Include="..\..\..\..\..\..\..\Downloads\ft2133\freetype-2.13.3\include\freetype\config\mac-support.h">
      <Filter>File di intestazione</Filter>
    </ClInclude>
    <ClInclude Include="..\..\..\..\..\..\..\Downloads\ft2133\freetype-2.13.3\include\freetype\config\public-macros.h">
      <Filter>File di intestazione</Filter>
    </ClInclude>
    <ClInclude Include="..\..\..\..\..\..\..\Downloads\ft2133\freetype-2.13.3\include\freetype\freetype.h">
      <Filter>File di intestazione</Filter>
    </ClInclude>
    <ClInclude Include="..\..\..\..\..\..\..\Downloads\ft2133\freetype-2.13.3\include\freetype\ftadvanc.h">
      <Filter>File di intestazione</Filter>
    </ClInclude>
    <ClInclude Include="..\..\..\..\..\..\..\Downloads\ft2133\freetype-2.13.3\include\freetype\ftbbox.h">
      <Filter>File di intestazione</Filter>
    </ClInclude>
    <ClInclude Include="..\..\..\..\..\..\..\Downloads\ft2133\freetype-2.13.3\include\freetype\ftbdf.h">
      <Filter>File di intestazione</Filter>
    </ClInclude>
    <ClInclude Include="..\..\..\..\..\..\..\Downloads\ft2133\freetype-2.13.3\include\freetype\ftbitmap.h">
      <Filter>File di intestazione</Filter>
    </ClInclude>
    <ClInclude Include="..\..\..\..\..\..\..\Downloads\ft2133\freetype-2.13.3\include\freetype\ftbzip2.h">
      <Filter>File di intestazione</Filter>
    </ClInclude>
    <ClInclude Include="..\..\..\..\..\..\..\Downloads\ft2133\freetype-2.13.3\include\freetype\ftcache.h">
      <Filter>File di intestazione</Filter>
    </ClInclude>
    <ClInclude Include="..\..\..\..\..\..\..\Downloads\ft2133\freetype-2.13.3\include\freetype\ftchapters.h">
      <Filter>File di intestazione</Filter>
    </ClInclude>
    <ClInclude Include="..\..\..\..\..\..\..\Downloads\ft2133\freetype-2.13.3\include\freetype\ftcid.h">
      <Filter>File di intestazione</Filter>
    </ClInclude>
    <ClInclude Include="..\..\..\..\..\..\..\Downloads\ft2133\freetype-2.13.3\include\freetype\ftcolor.h">
      <Filter>File di intestazione</Filter>
    </ClInclude>
    <ClInclude Include="..\..\..\..\..\..\..\Downloads\ft2133\freetype-2.13.3\include\freetype\ftdriver.h">
      <Filter>File di intestazione</Filter>
    </ClInclude>
    <ClInclude Include="..\..\..\..\..\..\..\Downloads\ft2133\freetype-2.13.3\include\freetype\fterrdef.h">
      <Filter>File di intestazione</Filter>
    </ClInclude>
    <ClInclude Include="..\..\..\..\..\..\..\Downloads\ft2133\freetype-2.13.3\include\freetype\fterrors.h">
      <Filter>File di intestazione</Filter>
    </ClInclude>
    <ClInclude Include="..\..\..\..\..\..\..\Downloads\ft2133\freetype-2.13.3\include\freetype\ftfntfmt.h">
      <Filter>File di intestazione</Filter>
    </ClInclude>
    <ClInclude Include="..\..\..\..\..\..\..\Downloads\ft2133\freetype-2.13.3\include\freetype\ftgasp.h">
      <Filter>File di intestazione</Filter>
    </ClInclude>
    <ClInclude Include="..\..\..\..\..\..\..\Downloads\ft2133\freetype-2.13.3\include\freetype\ftglyph.h">
      <Filter>File di intestazione</Filter>
    </ClInclude>
    <ClInclude Include="..\..\..\..\..\..\..\Downloads\ft2133\freetype-2.13.3\include\freetype\ftgxval.h">
      <Filter>File di intestazione</Filter>
    </ClInclude>
    <ClInclude Include="..\..\..\..\..\..\..\Downloads\ft2133\freetype-2.13.3\include\freetype\ftgzip.h">
      <Filter>File di intestazione</Filter>
    </ClInclude>
    <ClInclude Include="..\..\..\..\..\..\..\Downloads\ft2133\freetype-2.13.3\include\freetype\ftimage.h">
      <Filter>File di intestazione</Filter>
    </ClInclude>
    <ClInclude Include="..\..\..\..\..\..\..\Downloads\ft2133\freetype-2.13.3\include\freetype\ftincrem.h">
      <Filter>File di intestazione</Filter>
    </ClInclude>
    <ClInclude Include="..\..\..\..\..\..\..\Downloads\ft2133\freetype-2.13.3\include\freetype\ftlcdfil.h">
      <Filter>File di intestazione</Filter>
    </ClInclude>
    <ClInclude Include="..\..\..\..\..\..\..\Downloads\ft2133\freetype-2.13.3\include\freetype\ftlist.h">
      <Filter>File di intestazione</Filter>
    </ClInclude>
    <ClInclude Include="..\..\..\..\..\..\..\Downloads\ft2133\freetype-2.13.3\include\freetype\ftlogging.h">
      <Filter>File di intestazione</Filter>
    </ClInclude>
    <ClInclude Include="..\..\..\..\..\..\..\Downloads\ft2133\freetype-2.13.3\include\freetype\ftlzw.h">
      <Filter>File di intestazione</Filter>
    </ClInclude>
    <ClInclude Include="..\..\..\..\..\..\..\Downloads\ft2133\freetype-2.13.3\include\freetype\ftmac.h">
      <Filter>File di intestazione</Filter>
    </ClInclude>
    <ClInclude Include="..\..\..\..\..\..\..\Downloads\ft2133\freetype-2.13.3\include\freetype\ftmm.h">
      <Filter>File di intestazione</Filter>
    </ClInclude>
    <ClInclude Include="..\..\..\..\..\..\..\Downloads\ft2133\freetype-2.13.3\include\freetype\ftmodapi.h">
      <Filter>File di intestazione</Filter>
    </ClInclude>
    <ClInclude Include="..\..\..\..\..\..\..\Downloads\ft2133\freetype-2.13.3\include\freetype\ftmoderr.h">
      <Filter>File di intestazione</Filter>
    </ClInclude>
    <ClInclude Include="..\..\..\..\..\..\..\Downloads\ft2133\freetype-2.13.3\include\freetype\ftotval.h">
      <Filter>File di intestazione</Filter>
    </ClInclude>
    <ClInclude Include="..\..\..\..\..\..\..\Downloads\ft2133\freetype-2.13.3\include\freetype\ftoutln.h">
      <Filter>File di intestazione</Filter>
    </ClInclude>
    <ClInclude Include="..\..\..\..\..\..\..\Downloads\ft2133\freetype-2.13.3\include\freetype\ftparams.h">
      <Filter>File di intestazione</Filter>
    </ClInclude>
    <ClInclude Include="..\..\..\..\..\..\..\Downloads\ft2133\freetype-2.13.3\include\freetype\ftpfr.h">
      <Filter>File di intestazione</Filter>
    </ClInclude>
    <ClInclude Include="..\..\..\..\..\..\..\Downloads\ft2133\freetype-2.13.3\include\freetype\ftrender.h">
      <Filter>File di intestazione</Filter>
    </ClInclude>
    <ClInclude Include="..\..\..\..\..\..\..\Downloads\ft2133\freetype-2.13.3\include\freetype\ftsizes.h">
      <Filter>File di intestazione</Filter>
    </ClInclude>
    <ClInclude Include="..\..\..\..\..\..\..\Downloads\ft2133\freetype-2.13.3\include\freetype\ftsnames.h">
      <Filter>File di intestazione</Filter>
    </ClInclude>
    <ClInclude Include="..\..\..\..\..\..\..\Downloads\ft2133\freetype-2.13.3\include\freetype\ftstroke.h">
      <Filter>File di intestazione</Filter>
    </ClInclude>
    <ClInclude Include="..\..\..\..\..\..\..\Downloads\ft2133\freetype-2.13.3\include\freetype\ftsynth.h">
      <Filter>File di intestazione</Filter>
    </ClInclude>
    <ClInclude Include="..\..\..\..\..\..\..\Downloads\ft2133\freetype-2.13.3\include\freetype\ftsystem.h">
      <Filter>File di intestazione</Filter>
    </ClInclude>
    <ClInclude Include="..\..\..\..\..\..\..\Downloads\ft2133\freetype-2.13.3\include\freetype\fttrigon.h">
      <Filter>File di intestazione</Filter>
    </ClInclude>
    <ClInclude Include="..\..\..\..\..\..\..\Downloads\ft2133\freetype-2.13.3\include\freetype\fttypes.h">
      <Filter>File di intestazione</Filter>
    </ClInclude>
    <ClInclude Include="..\..\..\..\..\..\..\Downloads\ft2133\freetype-2.13.3\include\freetype\ftwinfnt.h">
      <Filter>File di intestazione</Filter>
    </ClInclude>
    <ClInclude Include="..\..\..\..\..\..\..\Downloads\ft2133\freetype-2.13.3\include\freetype\internal\autohint.h">
      <Filter>File di intestazione</Filter>
    </ClInclude>
    <ClInclude Include="..\..\..\..\..\..\..\Downloads\ft2133\freetype-2.13.3\include\freetype\internal\cffotypes.h">
      <Filter>File di intestazione</Filter>
    </ClInclude>
    <ClInclude Include="..\..\..\..\..\..\..\Downloads\ft2133\freetype-2.13.3\include\freetype\internal\cfftypes.h">
      <Filter>File di intestazione</Filter>
    </ClInclude>
    <ClInclude Include="..\..\..\..\..\..\..\Downloads\ft2133\freetype-2.13.3\include\freetype\internal\compiler-macros.h">
      <Filter>File di intestazione</Filter>
    </ClInclude>
    <ClInclude Include="..\..\..\..\..\..\..\Downloads\ft2133\freetype-2.13.3\include\freetype\internal\ftcalc.h">
      <Filter>File di intestazione</Filter>
    </ClInclude>
    <ClInclude Include="..\..\..\..\..\..\..\Downloads\ft2133\freetype-2.13.3\include\freetype\internal\ftdebug.h">
      <Filter>File di intestazione</Filter>
    </ClInclude>
    <ClInclude Include="..\..\..\..\..\..\..\Downloads\ft2133\freetype-2.13.3\include\freetype\internal\ftdrv.h">
      <Filter>File di intestazione</Filter>
    </ClInclude>
    <ClInclude Include="..\..\..\..\..\..\..\Downloads\ft2133\freetype-2.13.3\include\freetype\internal\ftgloadr.h">
      <Filter>File di intestazione</Filter>
    </ClInclude>
    <ClInclude Include="..\..\..\..\..\..\..\Downloads\ft2133\freetype-2.13.3\include\freetype\internal\fthash.h">
      <Filter>File di intestazione</Filter>
    </ClInclude>
    <ClInclude Include="..\..\..\..\..\..\..\Downloads\ft2133\freetype-2.13.3\include\freetype\internal\ftmemory.h">
      <Filter>File di intestazione</Filter>
    </ClInclude>
    <ClInclude Include="..\..\..\..\..\..\..\Downloads\ft2133\freetype-2.13.3\include\freetype\internal\ftmmtypes.h">
      <Filter>File di intestazione</Filter>
    </ClInclude>
    <ClInclude Include="..\..\..\..\..\..\..\Downloads\ft2133\freetype-2.13.3\include\freetype\internal\ftobjs.h">
      <Filter>File di intestazione</Filter>
    </ClInclude>
    <ClInclude Include="..\..\..\..\..\..\..\Downloads\ft2133\freetype-2.13.3\include\freetype\internal\ftpsprop.h">
      <Filter>File di intestazione</Filter>
    </ClInclude>
    <ClInclude Include="..\..\..\..\..\..\..\Downloads\ft2133\freetype-2.13.3\include\freetype\internal\ftrfork.h">
      <Filter>File di intestazione</Filter>
    </ClInclude>
    <ClInclude Include="..\..\..\..\..\..\..\Downloads\ft2133\freetype-2.13.3\include\freetype\internal\ftserv.h">
      <Filter>File di intestazione</Filter>
    </ClInclude>
    <ClInclude Include="..\..\..\..\..\..\..\Downloads\ft2133\freetype-2.13.3\include\freetype\internal\ftstream.h">
      <Filter>File di intestazione</Filter>
    </ClInclude>
    <ClInclude Include="..\..\..\..\..\..\..\Downloads\ft2133\freetype-2.13.3\include\freetype\internal\fttrace.h">
      <Filter>File di intestazione</Filter>
    </ClInclude>
    <ClInclude Include="..\..\..\..\..\..\..\Downloads\ft2133\freetype-2.13.3\include\freetype\internal\ftvalid.h">
      <Filter>File di intestazione</Filter>
    </ClInclude>
    <ClInclude Include="..\..\..\..\..\..\..\Downloads\ft2133\freetype-2.13.3\include\freetype\internal\psaux.h">
      <Filter>File di intestazione</Filter>
    </ClInclude>
    <ClInclude Include="..\..\..\..\..\..\..\Downloads\ft2133\freetype-2.13.3\include\freetype\internal\pshints.h">
      <Filter>File di intestazione</Filter>
    </ClInclude>
    <ClInclude Include="..\..\..\..\..\..\..\Downloads\ft2133\freetype-2.13.3\include\freetype\internal\services\svbdf.h">
      <Filter>File di intestazione</Filter>
    </ClInclude>
    <ClInclude Include="..\..\..\..\..\..\..\Downloads\ft2133\freetype-2.13.3\include\freetype\internal\services\svcfftl.h">
      <Filter>File di intestazione</Filter>
    </ClInclude>
    <ClInclude Include="..\..\..\..\..\..\..\Downloads\ft2133\freetype-2.13.3\include\freetype\internal\services\svcid.h">
      <Filter>File di intestazione</Filter>
    </ClInclude>
    <ClInclude Include="..\..\..\..\..\..\..\Downloads\ft2133\freetype-2.13.3\include\freetype\internal\services\svfntfmt.h">
      <Filter>File di intestazione</Filter>
    </ClInclude>
    <ClInclude Include="..\..\..\..\..\..\..\Downloads\ft2133\freetype-2.13.3\include\freetype\internal\services\svgldict.h">
      <Filter>File di intestazione</Filter>
    </ClInclude>
    <ClInclude Include="..\..\..\..\..\..\..\Downloads\ft2133\freetype-2.13.3\include\freetype\internal\services\svgxval.h">
      <Filter>File di intestazione</Filter>
    </ClInclude>
    <ClInclude Include="..\..\..\..\..\..\..\Downloads\ft2133\freetype-2.13.3\include\freetype\internal\services\svkern.h">
      <Filter>File di intestazione</Filter>
    </ClInclude>
    <ClInclude Include="..\..\..\..\..\..\..\Downloads\ft2133\freetype-2.13.3\include\freetype\internal\services\svmetric.h">
      <Filter>File di intestazione</Filter>
    </ClInclude>
    <ClInclude Include="..\..\..\..\..\..\..\Downloads\ft2133\freetype-2.13.3\include\freetype\internal\services\svmm.h">
      <Filter>File di intestazione</Filter>
    </ClInclude>
    <ClInclude Include="..\..\..\..\..\..\..\Downloads\ft2133\freetype-2.13.3\include\freetype\internal\services\svotval.h">
      <Filter>File di intestazione</Filter>
    </ClInclude>
    <ClInclude Include="..\..\..\..\..\..\..\Downloads\ft2133\freetype-2.13.3\include\freetype\internal\services\svpfr.h">
      <Filter>File di intestazione</Filter>
    </ClInclude>
    <ClInclude Include="..\..\..\..\..\..\..\Downloads\ft2133\freetype-2.13.3\include\freetype\internal\services\svpostnm.h">
      <Filter>File di intestazione</Filter>
    </ClInclude>
    <ClInclude Include="..\..\..\..\..\..\..\Downloads\ft2133\freetype-2.13.3\include\freetype\internal\services\svprop.h">
      <Filter>File di intestazione</Filter>
    </ClInclude>
    <ClInclude Include="..\..\..\..\..\..\..\Downloads\ft2133\freetype-2.13.3\include\freetype\internal\services\svpscmap.h">
      <Filter>File di intestazione</Filter>
    </ClInclude>
    <ClInclude Include="..\..\..\..\..\..\..\Downloads\ft2133\freetype-2.13.3\include\freetype\internal\services\svpsinfo.h">
      <Filter>File di intestazione</Filter>
    </ClInclude>
    <ClInclude Include="..\..\..\..\..\..\..\Downloads\ft2133\freetype-2.13.3\include\freetype\internal\services\svsfnt.h">
      <Filter>File di intestazione</Filter>
    </ClInclude>
    <ClInclude Include="..\..\..\..\..\..\..\Downloads\ft2133\freetype-2.13.3\include\freetype\internal\services\svttcmap.h">
      <Filter>File di intestazione</Filter>
    </ClInclude>
    <ClInclude Include="..\..\..\..\..\..\..\Downloads\ft2133\freetype-2.13.3\include\freetype\internal\services\svtteng.h">
      <Filter>File di intestazione</Filter>
    </ClInclude>
    <ClInclude Include="..\..\..\..\..\..\..\Downloads\ft2133\freetype-2.13.3\include\freetype\internal\services\svttglyf.h">
      <Filter>File di intestazione</Filter>
    </ClInclude>
    <ClInclude Include="..\..\..\..\..\..\..\Downloads\ft2133\freetype-2.13.3\include\freetype\internal\services\svwinfnt.h">
      <Filter>File di intestazione</Filter>
    </ClInclude>
    <ClInclude Include="..\..\..\..\..\..\..\Downloads\ft2133\freetype-2.13.3\include\freetype\internal\sfnt.h">
      <Filter>File di intestazione</Filter>
    </ClInclude>
    <ClInclude Include="..\..\..\..\..\..\..\Downloads\ft2133\freetype-2.13.3\include\freetype\internal\svginterface.h">
      <Filter>File di intestazione</Filter>
    </ClInclude>
    <ClInclude Include="..\..\..\..\..\..\..\Downloads\ft2133\freetype-2.13.3\include\freetype\internal\t1types.h">
      <Filter>File di intestazione</Filter>
    </ClInclude>
    <ClInclude Include="..\..\..\..\..\..\..\Downloads\ft2133\freetype-2.13.3\include\freetype\internal\tttypes.h">
      <Filter>File di intestazione</Filter>
    </ClInclude>
    <ClInclude Include="..\..\..\..\..\..\..\Downloads\ft2133\freetype-2.13.3\include\freetype\internal\wofftypes.h">
      <Filter>File di intestazione</Filter>
    </ClInclude>
    <ClInclude Include="..\..\..\..\..\..\..\Downloads\ft2133\freetype-2.13.3\include\freetype\otsvg.h">
      <Filter>File di intestazione</Filter>
    </ClInclude>
    <ClInclude Include="..\..\..\..\..\..\..\Downloads\ft2133\freetype-2.13.3\include\freetype\t1tables.h">
      <Filter>File di intestazione</Filter>
    </ClInclude>
    <ClInclude Include="..\..\..\..\..\..\..\Downloads\ft2133\freetype-2.13.3\include\freetype\ttnameid.h">
      <Filter>File di intestazione</Filter>
    </ClInclude>
    <ClInclude Include="..\..\..\..\..\..\..\Downloads\ft2133\freetype-2.13.3\include\freetype\tttables.h">
      <Filter>File di intestazione</Filter>
    </ClInclude>
    <ClInclude Include="..\..\..\..\..\..\..\Downloads\ft2133\freetype-2.13.3\include\freetype\tttags.h">
      <Filter>File di intestazione</Filter>
    </ClInclude>
  </ItemGroup>
  <ItemGroup>
    <None Include="shader.vs">
      <Filter>File di origine</Filter>
    </None>
    <None Include="shader.frag">
      <Filter>File di origine</Filter>
    </None>
    <None Include="shader_light.frag">
      <Filter>File di origine</Filter>
    </None>
    <None Include="shader_light.vs">
      <Filter>File di origine</Filter>
    </None>
    <None Include="text.frag">
      <Filter>File di origine</Filter>
    </None>
    <None Include="text.vs">
      <Filter>File di origine</Filter>
    </None>
    <None Include="score.json">
      <Filter>File di origine</Filter>
    </None>
    <None Include="lifeBar.vs">
      <Filter>File di origine</Filter>
    </None>
    <None Include="lifeBar.frag">
      <Filter>File di origine</Filter>
    </None>
  </ItemGroup>
</Project>